
Microsoft Visual Studio Solution File, Format Version 10.00
# Visual Studio 2008
# SharpDevelop 3.2.1.6466
Project("{A33008B1-5DAC-44D5-9060-242E3B6E38F2}") = "blackJack", "blackJack\blackJack.booproj", "{5DE79A55-0EB9-45A2-A923-4228BDF2919B}"
EndProject
Global
	GlobalSection(SolutionConfigurationPlatforms) = preSolution
		Debug|x86 = Debug|x86
		Release|x86 = Release|x86
	EndGlobalSection
	GlobalSection(ProjectConfigurationPlatforms) = postSolution
		{5DE79A55-0EB9-45A2-A923-4228BDF2919B}.Debug|x86.Build.0 = Debug|x86
		{5DE79A55-0EB9-45A2-A923-4228BDF2919B}.Debug|x86.ActiveCfg = Debug|x86
		{5DE79A55-0EB9-45A2-A923-4228BDF2919B}.Release|x86.Build.0 = Release|x86
		{5DE79A55-0EB9-45A2-A923-4228BDF2919B}.Release|x86.ActiveCfg = Release|x86
	EndGlobalSection
EndGlobal
